// !$*UTF8*$!
{
	archiveVersion = 1;
	classes = {
	};
	objectVersion = 77;
	objects = {

/* Begin PBXBuildFile section */
		04A09CB92E75A1E1007D0F66 /* IQKeyboardManagerSwift in Frameworks */ = {isa = PBXBuildFile; productRef = 04A09CB82E75A1E1007D0F66 /* IQKeyboardManagerSwift */; };
		04A2B5C02E74699100C6CDEA /* YPImagePicker in Frameworks */ = {isa = PBXBuildFile; productRef = 04A2B5BF2E74699100C6CDEA /* YPImagePicker */; };
		04EDB2212E758A84005176F0 /* SDWebImage in Frameworks */ = {isa = PBXBuildFile; productRef = 04EDB2202E758A84005176F0 /* SDWebImage */; };
		04EDB2232E758A84005176F0 /* SDWebImageMapKit in Frameworks */ = {isa = PBXBuildFile; productRef = 04EDB2222E758A84005176F0 /* SDWebImageMapKit */; };
		04F57FED2E74521F0084FBF7 /* FirebaseAI in Frameworks */ = {isa = PBXBuildFile; productRef = 04F57FEC2E74521F0084FBF7 /* FirebaseAI */; };
		04F57FEF2E74521F0084FBF7 /* FirebaseAnalytics in Frameworks */ = {isa = PBXBuildFile; productRef = 04F57FEE2E74521F0084FBF7 /* FirebaseAnalytics */; };
		04F57FF12E74521F0084FBF7 /* FirebaseAnalyticsCore in Frameworks */ = {isa = PBXBuildFile; productRef = 04F57FF02E74521F0084FBF7 /* FirebaseAnalyticsCore */; };
		04F57FF32E74521F0084FBF7 /* FirebaseAnalyticsIdentitySupport in Frameworks */ = {isa = PBXBuildFile; productRef = 04F57FF22E74521F0084FBF7 /* FirebaseAnalyticsIdentitySupport */; };
		04F57FF52E74521F0084FBF7 /* FirebaseAppCheck in Frameworks */ = {isa = PBXBuildFile; productRef = 04F57FF42E74521F0084FBF7 /* FirebaseAppCheck */; };
		04F57FF72E74521F0084FBF7 /* FirebaseAppDistribution-Beta in Frameworks */ = {isa = PBXBuildFile; productRef = 04F57FF62E74521F0084FBF7 /* FirebaseAppDistribution-Beta */; };
		04F57FF92E74521F0084FBF7 /* FirebaseAuth in Frameworks */ = {isa = PBXBuildFile; productRef = 04F57FF82E74521F0084FBF7 /* FirebaseAuth */; };
		04F57FFB2E74521F0084FBF7 /* FirebaseAuthCombine-Community in Frameworks */ = {isa = PBXBuildFile; productRef = 04F57FFA2E74521F0084FBF7 /* FirebaseAuthCombine-Community */; };
		04F57FFD2E74521F0084FBF7 /* FirebaseCore in Frameworks */ = {isa = PBXBuildFile; productRef = 04F57FFC2E74521F0084FBF7 /* FirebaseCore */; };
		04F57FFF2E74521F0084FBF7 /* FirebaseCrashlytics in Frameworks */ = {isa = PBXBuildFile; productRef = 04F57FFE2E74521F0084FBF7 /* FirebaseCrashlytics */; };
		04F580012E74521F0084FBF7 /* FirebaseDatabase in Frameworks */ = {isa = PBXBuildFile; productRef = 04F580002E74521F0084FBF7 /* FirebaseDatabase */; };
		04F580032E74521F0084FBF7 /* FirebaseFirestore in Frameworks */ = {isa = PBXBuildFile; productRef = 04F580022E74521F0084FBF7 /* FirebaseFirestore */; };
		04F580052E74521F0084FBF7 /* FirebaseFirestoreCombine-Community in Frameworks */ = {isa = PBXBuildFile; productRef = 04F580042E74521F0084FBF7 /* FirebaseFirestoreCombine-Community */; };
		04F580072E74521F0084FBF7 /* FirebaseFunctions in Frameworks */ = {isa = PBXBuildFile; productRef = 04F580062E74521F0084FBF7 /* FirebaseFunctions */; };
		04F580092E74521F0084FBF7 /* FirebaseFunctionsCombine-Community in Frameworks */ = {isa = PBXBuildFile; productRef = 04F580082E74521F0084FBF7 /* FirebaseFunctionsCombine-Community */; };
		04F5800B2E74521F0084FBF7 /* FirebaseInAppMessaging-Beta in Frameworks */ = {isa = PBXBuildFile; productRef = 04F5800A2E74521F0084FBF7 /* FirebaseInAppMessaging-Beta */; };
		04F5800D2E74521F0084FBF7 /* FirebaseInstallations in Frameworks */ = {isa = PBXBuildFile; productRef = 04F5800C2E74521F0084FBF7 /* FirebaseInstallations */; };
		04F5800F2E74521F0084FBF7 /* FirebaseMLModelDownloader in Frameworks */ = {isa = PBXBuildFile; productRef = 04F5800E2E74521F0084FBF7 /* FirebaseMLModelDownloader */; };
		04F580112E74521F0084FBF7 /* FirebaseMessaging in Frameworks */ = {isa = PBXBuildFile; productRef = 04F580102E74521F0084FBF7 /* FirebaseMessaging */; };
		04F580132E74521F0084FBF7 /* FirebasePerformance in Frameworks */ = {isa = PBXBuildFile; productRef = 04F580122E74521F0084FBF7 /* FirebasePerformance */; };
		04F580152E74521F0084FBF7 /* FirebaseRemoteConfig in Frameworks */ = {isa = PBXBuildFile; productRef = 04F580142E74521F0084FBF7 /* FirebaseRemoteConfig */; };
		04F580172E74521F0084FBF7 /* FirebaseStorage in Frameworks */ = {isa = PBXBuildFile; productRef = 04F580162E74521F0084FBF7 /* FirebaseStorage */; };
		04F580192E74521F0084FBF7 /* FirebaseStorageCombine-Community in Frameworks */ = {isa = PBXBuildFile; productRef = 04F580182E74521F0084FBF7 /* FirebaseStorageCombine-Community */; };
		04FD7D6C2E73EA8000051644 /* Abtesting in Frameworks */ = {isa = PBXBuildFile; productRef = 04FD7D6B2E73EA8000051644 /* Abtesting */; };
		04FD7D6E2E73EA8000051644 /* AbtestingV3 in Frameworks */ = {isa = PBXBuildFile; productRef = 04FD7D6D2E73EA8000051644 /* AbtestingV3 */; };
		04FD7D702E73EA8000051644 /* Analytics in Frameworks */ = {isa = PBXBuildFile; productRef = 04FD7D6F2E73EA8000051644 /* Analytics */; };
		04FD7D722E73EA8000051644 /* Composition in Frameworks */ = {isa = PBXBuildFile; productRef = 04FD7D712E73EA8000051644 /* Composition */; };
		04FD7D742E73EA8000051644 /* Core in Frameworks */ = {isa = PBXBuildFile; productRef = 04FD7D732E73EA8000051644 /* Core */; };
		04FD7D772E73EAA500051644 /* EmptyDataSet-Swift in Frameworks */ = {isa = PBXBuildFile; productRef = 04FD7D762E73EAA500051644 /* EmptyDataSet-Swift */; };
		04FD7D852E73EAD000051644 /* NVActivityIndicatorView in Frameworks */ = {isa = PBXBuildFile; productRef = 04FD7D842E73EAD000051644 /* NVActivityIndicatorView */; };
		04FD7D872E73EAD000051644 /* NVActivityIndicatorViewExtended in Frameworks */ = {isa = PBXBuildFile; productRef = 04FD7D862E73EAD000051644 /* NVActivityIndicatorViewExtended */; };
/* End PBXBuildFile section */

/* Begin PBXFileReference section */
		04610D832E73038E008EE240 /* AuraEcomShop.app */ = {isa = PBXFileReference; explicitFileType = wrapper.application; includeInIndex = 0; path = AuraEcomShop.app; sourceTree = BUILT_PRODUCTS_DIR; };
/* End PBXFileReference section */

/* Begin PBXFileSystemSynchronizedBuildFileExceptionSet section */
		04610D952E73038E008EE240 /* Exceptions for "AuraEcomShop" folder in "AuraEcomShop" target */ = {
			isa = PBXFileSystemSynchronizedBuildFileExceptionSet;
			membershipExceptions = (
				Info.plist,
			);
			target = 04610D822E73038E008EE240 /* AuraEcomShop */;
		};
/* End PBXFileSystemSynchronizedBuildFileExceptionSet section */

/* Begin PBXFileSystemSynchronizedRootGroup section */
		04610D852E73038E008EE240 /* AuraEcomShop */ = {
			isa = PBXFileSystemSynchronizedRootGroup;
			exceptions = (
				04610D952E73038E008EE240 /* Exceptions for "AuraEcomShop" folder in "AuraEcomShop" target */,
			);
			path = AuraEcomShop;
			sourceTree = "<group>";
		};
/* End PBXFileSystemSynchronizedRootGroup section */

/* Begin PBXFrameworksBuildPhase section */
		04610D802E73038E008EE240 /* Frameworks */ = {
			isa = PBXFrameworksBuildPhase;
			buildActionMask = 2147483647;
			files = (
				04A09CB92E75A1E1007D0F66 /* IQKeyboardManagerSwift in Frameworks */,
				04F57FFB2E74521F0084FBF7 /* FirebaseAuthCombine-Community in Frameworks */,
				04F580132E74521F0084FBF7 /* FirebasePerformance in Frameworks */,
				04FD7D702E73EA8000051644 /* Analytics in Frameworks */,
				04F5800D2E74521F0084FBF7 /* FirebaseInstallations in Frameworks */,
				04F580172E74521F0084FBF7 /* FirebaseStorage in Frameworks */,
				04F580072E74521F0084FBF7 /* FirebaseFunctions in Frameworks */,
				04F57FF92E74521F0084FBF7 /* FirebaseAuth in Frameworks */,
				04F57FEF2E74521F0084FBF7 /* FirebaseAnalytics in Frameworks */,
				04FD7D772E73EAA500051644 /* EmptyDataSet-Swift in Frameworks */,
				04F57FFD2E74521F0084FBF7 /* FirebaseCore in Frameworks */,
				04FD7D872E73EAD000051644 /* NVActivityIndicatorViewExtended in Frameworks */,
				04F580152E74521F0084FBF7 /* FirebaseRemoteConfig in Frameworks */,
				04F580032E74521F0084FBF7 /* FirebaseFirestore in Frameworks */,
				04F57FF12E74521F0084FBF7 /* FirebaseAnalyticsCore in Frameworks */,
				04F57FF72E74521F0084FBF7 /* FirebaseAppDistribution-Beta in Frameworks */,
				04F5800B2E74521F0084FBF7 /* FirebaseInAppMessaging-Beta in Frameworks */,
				04F580092E74521F0084FBF7 /* FirebaseFunctionsCombine-Community in Frameworks */,
				04FD7D6C2E73EA8000051644 /* Abtesting in Frameworks */,
				04F580012E74521F0084FBF7 /* FirebaseDatabase in Frameworks */,
				04F580052E74521F0084FBF7 /* FirebaseFirestoreCombine-Community in Frameworks */,
				04F580192E74521F0084FBF7 /* FirebaseStorageCombine-Community in Frameworks */,
				04FD7D6E2E73EA8000051644 /* AbtestingV3 in Frameworks */,
				04FD7D852E73EAD000051644 /* NVActivityIndicatorView in Frameworks */,
				04A2B5C02E74699100C6CDEA /* YPImagePicker in Frameworks */,
				04F57FF32E74521F0084FBF7 /* FirebaseAnalyticsIdentitySupport in Frameworks */,
				04F57FED2E74521F0084FBF7 /* FirebaseAI in Frameworks */,
				04EDB2232E758A84005176F0 /* SDWebImageMapKit in Frameworks */,
				04FD7D742E73EA8000051644 /* Core in Frameworks */,
				04F57FFF2E74521F0084FBF7 /* FirebaseCrashlytics in Frameworks */,
				04F57FF52E74521F0084FBF7 /* FirebaseAppCheck in Frameworks */,
				04F580112E74521F0084FBF7 /* FirebaseMessaging in Frameworks */,
				04EDB2212E758A84005176F0 /* SDWebImage in Frameworks */,
				04FD7D722E73EA8000051644 /* Composition in Frameworks */,
				04F5800F2E74521F0084FBF7 /* FirebaseMLModelDownloader in Frameworks */,
			);
			runOnlyForDeploymentPostprocessing = 0;
		};
/* End PBXFrameworksBuildPhase section */

/* Begin PBXGroup section */
		04610D7A2E73038E008EE240 = {
			isa = PBXGroup;
			children = (
				04610D852E73038E008EE240 /* AuraEcomShop */,
				04610D842E73038E008EE240 /* Products */,
			);
			sourceTree = "<group>";
		};
		04610D842E73038E008EE240 /* Products */ = {
			isa = PBXGroup;
			children = (
				04610D832E73038E008EE240 /* AuraEcomShop.app */,
			);
			name = Products;
			sourceTree = "<group>";
		};
/* End PBXGroup section */

/* Begin PBXNativeTarget section */
		04610D822E73038E008EE240 /* AuraEcomShop */ = {
			isa = PBXNativeTarget;
			buildConfigurationList = 04610D962E73038E008EE240 /* Build configuration list for PBXNativeTarget "AuraEcomShop" */;
			buildPhases = (
				04610D7F2E73038E008EE240 /* Sources */,
				04610D802E73038E008EE240 /* Frameworks */,
				04610D812E73038E008EE240 /* Resources */,
			);
			buildRules = (
			);
			dependencies = (
			);
			fileSystemSynchronizedGroups = (
				04610D852E73038E008EE240 /* AuraEcomShop */,
			);
			name = AuraEcomShop;
			packageProductDependencies = (
				04FD7D6B2E73EA8000051644 /* Abtesting */,
				04FD7D6D2E73EA8000051644 /* AbtestingV3 */,
				04FD7D6F2E73EA8000051644 /* Analytics */,
				04FD7D712E73EA8000051644 /* Composition */,
				04FD7D732E73EA8000051644 /* Core */,
				04FD7D762E73EAA500051644 /* EmptyDataSet-Swift */,
				04FD7D842E73EAD000051644 /* NVActivityIndicatorView */,
				04FD7D862E73EAD000051644 /* NVActivityIndicatorViewExtended */,
				04F57FEC2E74521F0084FBF7 /* FirebaseAI */,
				04F57FEE2E74521F0084FBF7 /* FirebaseAnalytics */,
				04F57FF02E74521F0084FBF7 /* FirebaseAnalyticsCore */,
				04F57FF22E74521F0084FBF7 /* FirebaseAnalyticsIdentitySupport */,
				04F57FF42E74521F0084FBF7 /* FirebaseAppCheck */,
				04F57FF62E74521F0084FBF7 /* FirebaseAppDistribution-Beta */,
				04F57FF82E74521F0084FBF7 /* FirebaseAuth */,
				04F57FFA2E74521F0084FBF7 /* FirebaseAuthCombine-Community */,
				04F57FFC2E74521F0084FBF7 /* FirebaseCore */,
				04F57FFE2E74521F0084FBF7 /* FirebaseCrashlytics */,
				04F580002E74521F0084FBF7 /* FirebaseDatabase */,
				04F580022E74521F0084FBF7 /* FirebaseFirestore */,
				04F580042E74521F0084FBF7 /* FirebaseFirestoreCombine-Community */,
				04F580062E74521F0084FBF7 /* FirebaseFunctions */,
				04F580082E74521F0084FBF7 /* FirebaseFunctionsCombine-Community */,
				04F5800A2E74521F0084FBF7 /* FirebaseInAppMessaging-Beta */,
				04F5800C2E74521F0084FBF7 /* FirebaseInstallations */,
				04F5800E2E74521F0084FBF7 /* FirebaseMLModelDownloader */,
				04F580102E74521F0084FBF7 /* FirebaseMessaging */,
				04F580122E74521F0084FBF7 /* FirebasePerformance */,
				04F580142E74521F0084FBF7 /* FirebaseRemoteConfig */,
				04F580162E74521F0084FBF7 /* FirebaseStorage */,
				04F580182E74521F0084FBF7 /* FirebaseStorageCombine-Community */,
				04A2B5BF2E74699100C6CDEA /* YPImagePicker */,
				04EDB2202E758A84005176F0 /* SDWebImage */,
				04EDB2222E758A84005176F0 /* SDWebImageMapKit */,
				04A09CB82E75A1E1007D0F66 /* IQKeyboardManagerSwift */,
			);
			productName = AuraEcomShop;
			productReference = 04610D832E73038E008EE240 /* AuraEcomShop.app */;
			productType = "com.apple.product-type.application";
		};
/* End PBXNativeTarget section */

/* Begin PBXProject section */
		04610D7B2E73038E008EE240 /* Project object */ = {
			isa = PBXProject;
			attributes = {
				BuildIndependentTargetsInParallel = 1;
				LastSwiftUpdateCheck = 1640;
				LastUpgradeCheck = 1640;
				TargetAttributes = {
					04610D822E73038E008EE240 = {
						CreatedOnToolsVersion = 16.4;
					};
				};
			};
			buildConfigurationList = 04610D7E2E73038E008EE240 /* Build configuration list for PBXProject "AuraEcomShop" */;
			developmentRegion = en;
			hasScannedForEncodings = 0;
			knownRegions = (
				en,
				Base,
			);
			mainGroup = 04610D7A2E73038E008EE240;
			minimizedProjectReferenceProxies = 1;
			packageReferences = (
				04FD7D6A2E73EA8000051644 /* XCRemoteSwiftPackageReference "algoliasearch-client-swift" */,
				04FD7D752E73EAA500051644 /* XCRemoteSwiftPackageReference "EmptyDataSet-Swift" */,
				04FD7D832E73EAD000051644 /* XCRemoteSwiftPackageReference "NVActivityIndicatorView" */,
				04F57FEB2E74521F0084FBF7 /* XCRemoteSwiftPackageReference "firebase-ios-sdk" */,
				04A2B5BE2E74699000C6CDEA /* XCRemoteSwiftPackageReference "YPImagePicker" */,
				04EDB21F2E758A84005176F0 /* XCRemoteSwiftPackageReference "SDWebImage" */,
				04A09CB72E75A1E1007D0F66 /* XCRemoteSwiftPackageReference "IQKeyboardManager" */,
			);
			preferredProjectObjectVersion = 77;
			productRefGroup = 04610D842E73038E008EE240 /* Products */;
			projectDirPath = "";
			projectRoot = "";
			targets = (
				04610D822E73038E008EE240 /* AuraEcomShop */,
			);
		};
/* End PBXProject section */

/* Begin PBXResourcesBuildPhase section */
		04610D812E73038E008EE240 /* Resources */ = {
			isa = PBXResourcesBuildPhase;
			buildActionMask = 2147483647;
			files = (
			);
			runOnlyForDeploymentPostprocessing = 0;
		};
/* End PBXResourcesBuildPhase section */

/* Begin PBXSourcesBuildPhase section */
		04610D7F2E73038E008EE240 /* Sources */ = {
			isa = PBXSourcesBuildPhase;
			buildActionMask = 2147483647;
			files = (
			);
			runOnlyForDeploymentPostprocessing = 0;
		};
/* End PBXSourcesBuildPhase section */

/* Begin XCBuildConfiguration section */
		04610D972E73038E008EE240 /* Debug */ = {
			isa = XCBuildConfiguration;
			buildSettings = {
				ASSETCATALOG_COMPILER_GLOBAL_ACCENT_COLOR_NAME = AccentColor;
				ASSETCATALOG_COMPILER_INCLUDE_ALL_APPICON_ASSETS = YES;
				CODE_SIGN_IDENTITY = "Apple Development";
				CODE_SIGN_STYLE = Automatic;
				CURRENT_PROJECT_VERSION = 1;
				DEVELOPMENT_TEAM = 87M7TK5K4U;
				GENERATE_INFOPLIST_FILE = YES;
				INFOPLIST_FILE = AuraEcomShop/Info.plist;
				INFOPLIST_KEY_CFBundleDisplayName = AuraEcomShop;
				INFOPLIST_KEY_LSApplicationCategoryType = "public.app-category.shopping";
				INFOPLIST_KEY_UIApplicationSupportsIndirectInputEvents = YES;
				INFOPLIST_KEY_UILaunchStoryboardName = LaunchScreen;
				INFOPLIST_KEY_UIMainStoryboardFile = Main;
				INFOPLIST_KEY_UIStatusBarHidden = YES;
				INFOPLIST_KEY_UIStatusBarStyle = "";
				INFOPLIST_KEY_UISupportedInterfaceOrientations = UIInterfaceOrientationPortrait;
				IPHONEOS_DEPLOYMENT_TARGET = 15.6;
				LD_RUNPATH_SEARCH_PATHS = (
					"$(inherited)",
					"@executable_path/Frameworks",
				);
				MARKETING_VERSION = 1.0;
				PRODUCT_BUNDLE_IDENTIFIER = com.iHarsh1008.AuraEcomShop;
				PRODUCT_NAME = "$(TARGET_NAME)";
				PROVISIONING_PROFILE_SPECIFIER = "";
				SWIFT_EMIT_LOC_STRINGS = YES;
				SWIFT_VERSION = 5.0;
				TARGETED_DEVICE_FAMILY = "1,2";
			};
			name = Debug;
		};
		04610D982E73038E008EE240 /* Release */ = {
			isa = XCBuildConfiguration;
			buildSettings = {
				ASSETCATALOG_COMPILER_GLOBAL_ACCENT_COLOR_NAME = AccentColor;
				ASSETCATALOG_COMPILER_INCLUDE_ALL_APPICON_ASSETS = YES;
				CODE_SIGN_STYLE = Automatic;
				CURRENT_PROJECT_VERSION = 1;
				DEVELOPMENT_TEAM = 87M7TK5K4U;
				GENERATE_INFOPLIST_FILE = YES;
				INFOPLIST_FILE = AuraEcomShop/Info.plist;
				INFOPLIST_KEY_CFBundleDisplayName = AuraEcomShop;
				INFOPLIST_KEY_LSApplicationCategoryType = "public.app-category.shopping";
				INFOPLIST_KEY_UIApplicationSupportsIndirectInputEvents = YES;
				INFOPLIST_KEY_UILaunchStoryboardName = LaunchScreen;
				INFOPLIST_KEY_UIMainStoryboardFile = Main;
				INFOPLIST_KEY_UIStatusBarHidden = YES;
				INFOPLIST_KEY_UIStatusBarStyle = "";
				INFOPLIST_KEY_UISupportedInterfaceOrientations = UIInterfaceOrientationPortrait;
				IPHONEOS_DEPLOYMENT_TARGET = 15.6;
				LD_RUNPATH_SEARCH_PATHS = (
					"$(inherited)",
					"@executable_path/Frameworks",
				);
				MARKETING_VERSION = 1.0;
				PRODUCT_BUNDLE_IDENTIFIER = com.iHarsh1008.AuraEcomShop;
				PRODUCT_NAME = "$(TARGET_NAME)";
				SWIFT_EMIT_LOC_STRINGS = YES;
				SWIFT_VERSION = 5.0;
				TARGETED_DEVICE_FAMILY = "1,2";
			};
			name = Release;
		};
		04610D992E73038E008EE240 /* Debug */ = {
			isa = XCBuildConfiguration;
			buildSettings = {
				ALWAYS_SEARCH_USER_PATHS = NO;
				ASSETCATALOG_COMPILER_GENERATE_SWIFT_ASSET_SYMBOL_EXTENSIONS = YES;
				CLANG_ANALYZER_NONNULL = YES;
				CLANG_ANALYZER_NUMBER_OBJECT_CONVERSION = YES_AGGRESSIVE;
				CLANG_CXX_LANGUAGE_STANDARD = "gnu++20";
				CLANG_ENABLE_MODULES = YES;
				CLANG_ENABLE_OBJC_ARC = YES;
				CLANG_ENABLE_OBJC_WEAK = YES;
				CLANG_WARN_BLOCK_CAPTURE_AUTORELEASING = YES;
				CLANG_WARN_BOOL_CONVERSION = YES;
				CLANG_WARN_COMMA = YES;
				CLANG_WARN_CONSTANT_CONVERSION = YES;
				CLANG_WARN_DEPRECATED_OBJC_IMPLEMENTATIONS = YES;
				CLANG_WARN_DIRECT_OBJC_ISA_USAGE = YES_ERROR;
				CLANG_WARN_DOCUMENTATION_COMMENTS = YES;
				CLANG_WARN_EMPTY_BODY = YES;
				CLANG_WARN_ENUM_CONVERSION = YES;
				CLANG_WARN_INFINITE_RECURSION = YES;
				CLANG_WARN_INT_CONVERSION = YES;
				CLANG_WARN_NON_LITERAL_NULL_CONVERSION = YES;
				CLANG_WARN_OBJC_IMPLICIT_RETAIN_SELF = YES;
				CLANG_WARN_OBJC_LITERAL_CONVERSION = YES;
				CLANG_WARN_OBJC_ROOT_CLASS = YES_ERROR;
				CLANG_WARN_QUOTED_INCLUDE_IN_FRAMEWORK_HEADER = YES;
				CLANG_WARN_RANGE_LOOP_ANALYSIS = YES;
				CLANG_WARN_STRICT_PROTOTYPES = YES;
				CLANG_WARN_SUSPICIOUS_MOVE = YES;
				CLANG_WARN_UNGUARDED_AVAILABILITY = YES_AGGRESSIVE;
				CLANG_WARN_UNREACHABLE_CODE = YES;
				CLANG_WARN__DUPLICATE_METHOD_MATCH = YES;
				COPY_PHASE_STRIP = NO;
				DEBUG_INFORMATION_FORMAT = dwarf;
				DEVELOPMENT_TEAM = 87M7TK5K4U;
				ENABLE_STRICT_OBJC_MSGSEND = YES;
				ENABLE_TESTABILITY = YES;
				ENABLE_USER_SCRIPT_SANDBOXING = YES;
				GCC_C_LANGUAGE_STANDARD = gnu17;
				GCC_DYNAMIC_NO_PIC = NO;
				GCC_NO_COMMON_BLOCKS = YES;
				GCC_OPTIMIZATION_LEVEL = 0;
				GCC_PREPROCESSOR_DEFINITIONS = (
					"DEBUG=1",
					"$(inherited)",
				);
				GCC_WARN_64_TO_32_BIT_CONVERSION = YES;
				GCC_WARN_ABOUT_RETURN_TYPE = YES_ERROR;
				GCC_WARN_UNDECLARED_SELECTOR = YES;
				GCC_WARN_UNINITIALIZED_AUTOS = YES_AGGRESSIVE;
				GCC_WARN_UNUSED_FUNCTION = YES;
				GCC_WARN_UNUSED_VARIABLE = YES;
				IPHONEOS_DEPLOYMENT_TARGET = 18.5;
				LOCALIZATION_PREFERS_STRING_CATALOGS = YES;
				MTL_ENABLE_DEBUG_INFO = INCLUDE_SOURCE;
				MTL_FAST_MATH = YES;
				ONLY_ACTIVE_ARCH = YES;
				SDKROOT = iphoneos;
				SWIFT_ACTIVE_COMPILATION_CONDITIONS = "DEBUG $(inherited)";
				SWIFT_OPTIMIZATION_LEVEL = "-Onone";
			};
			name = Debug;
		};
		04610D9A2E73038E008EE240 /* Release */ = {
			isa = XCBuildConfiguration;
			buildSettings = {
				ALWAYS_SEARCH_USER_PATHS = NO;
				ASSETCATALOG_COMPILER_GENERATE_SWIFT_ASSET_SYMBOL_EXTENSIONS = YES;
				CLANG_ANALYZER_NONNULL = YES;
				CLANG_ANALYZER_NUMBER_OBJECT_CONVERSION = YES_AGGRESSIVE;
				CLANG_CXX_LANGUAGE_STANDARD = "gnu++20";
				CLANG_ENABLE_MODULES = YES;
				CLANG_ENABLE_OBJC_ARC = YES;
				CLANG_ENABLE_OBJC_WEAK = YES;
				CLANG_WARN_BLOCK_CAPTURE_AUTORELEASING = YES;
				CLANG_WARN_BOOL_CONVERSION = YES;
				CLANG_WARN_COMMA = YES;
				CLANG_WARN_CONSTANT_CONVERSION = YES;
				CLANG_WARN_DEPRECATED_OBJC_IMPLEMENTATIONS = YES;
				CLANG_WARN_DIRECT_OBJC_ISA_USAGE = YES_ERROR;
				CLANG_WARN_DOCUMENTATION_COMMENTS = YES;
				CLANG_WARN_EMPTY_BODY = YES;
				CLANG_WARN_ENUM_CONVERSION = YES;
				CLANG_WARN_INFINITE_RECURSION = YES;
				CLANG_WARN_INT_CONVERSION = YES;
				CLANG_WARN_NON_LITERAL_NULL_CONVERSION = YES;
				CLANG_WARN_OBJC_IMPLICIT_RETAIN_SELF = YES;
				CLANG_WARN_OBJC_LITERAL_CONVERSION = YES;
				CLANG_WARN_OBJC_ROOT_CLASS = YES_ERROR;
				CLANG_WARN_QUOTED_INCLUDE_IN_FRAMEWORK_HEADER = YES;
				CLANG_WARN_RANGE_LOOP_ANALYSIS = YES;
				CLANG_WARN_STRICT_PROTOTYPES = YES;
				CLANG_WARN_SUSPICIOUS_MOVE = YES;
				CLANG_WARN_UNGUARDED_AVAILABILITY = YES_AGGRESSIVE;
				CLANG_WARN_UNREACHABLE_CODE = YES;
				CLANG_WARN__DUPLICATE_METHOD_MATCH = YES;
				COPY_PHASE_STRIP = NO;
				DEBUG_INFORMATION_FORMAT = "dwarf-with-dsym";
				DEVELOPMENT_TEAM = 87M7TK5K4U;
				ENABLE_NS_ASSERTIONS = NO;
				ENABLE_STRICT_OBJC_MSGSEND = YES;
				ENABLE_USER_SCRIPT_SANDBOXING = YES;
				GCC_C_LANGUAGE_STANDARD = gnu17;
				GCC_NO_COMMON_BLOCKS = YES;
				GCC_WARN_64_TO_32_BIT_CONVERSION = YES;
				GCC_WARN_ABOUT_RETURN_TYPE = YES_ERROR;
				GCC_WARN_UNDECLARED_SELECTOR = YES;
				GCC_WARN_UNINITIALIZED_AUTOS = YES_AGGRESSIVE;
				GCC_WARN_UNUSED_FUNCTION = YES;
				GCC_WARN_UNUSED_VARIABLE = YES;
				IPHONEOS_DEPLOYMENT_TARGET = 18.5;
				LOCALIZATION_PREFERS_STRING_CATALOGS = YES;
				MTL_ENABLE_DEBUG_INFO = NO;
				MTL_FAST_MATH = YES;
				SDKROOT = iphoneos;
				SWIFT_COMPILATION_MODE = wholemodule;
				VALIDATE_PRODUCT = YES;
			};
			name = Release;
		};
/* End XCBuildConfiguration section */

/* Begin XCConfigurationList section */
		04610D7E2E73038E008EE240 /* Build configuration list for PBXProject "AuraEcomShop" */ = {
			isa = XCConfigurationList;
			buildConfigurations = (
				04610D992E73038E008EE240 /* Debug */,
				04610D9A2E73038E008EE240 /* Release */,
			);
			defaultConfigurationIsVisible = 0;
			defaultConfigurationName = Release;
		};
		04610D962E73038E008EE240 /* Build configuration list for PBXNativeTarget "AuraEcomShop" */ = {
			isa = XCConfigurationList;
			buildConfigurations = (
				04610D972E73038E008EE240 /* Debug */,
				04610D982E73038E008EE240 /* Release */,
			);
			defaultConfigurationIsVisible = 0;
			defaultConfigurationName = Release;
		};
/* End XCConfigurationList section */

/* Begin XCRemoteSwiftPackageReference section */
		04A09CB72E75A1E1007D0F66 /* XCRemoteSwiftPackageReference "IQKeyboardManager" */ = {
			isa = XCRemoteSwiftPackageReference;
			repositoryURL = "https://github.com/hackiftekhar/IQKeyboardManager.git";
			requirement = {
				kind = upToNextMajorVersion;
				minimumVersion = 8.0.1;
			};
		};
		04A2B5BE2E74699000C6CDEA /* XCRemoteSwiftPackageReference "YPImagePicker" */ = {
			isa = XCRemoteSwiftPackageReference;
			repositoryURL = "https://github.com/Yummypets/YPImagePicker.git";
			requirement = {
				kind = upToNextMajorVersion;
				minimumVersion = 5.3.0;
			};
		};
		04EDB21F2E758A84005176F0 /* XCRemoteSwiftPackageReference "SDWebImage" */ = {
			isa = XCRemoteSwiftPackageReference;
			repositoryURL = "https://github.com/SDWebImage/SDWebImage.git";
			requirement = {
				kind = upToNextMajorVersion;
				minimumVersion = 5.21.2;
			};
		};
		04F57FEB2E74521F0084FBF7 /* XCRemoteSwiftPackageReference "firebase-ios-sdk" */ = {
			isa = XCRemoteSwiftPackageReference;
			repositoryURL = "https://github.com/firebase/firebase-ios-sdk";
			requirement = {
				kind = upToNextMajorVersion;
				minimumVersion = 12.2.0;
			};
		};
		04FD7D6A2E73EA8000051644 /* XCRemoteSwiftPackageReference "algoliasearch-client-swift" */ = {
			isa = XCRemoteSwiftPackageReference;
			repositoryURL = "https://github.com/algolia/algoliasearch-client-swift";
			requirement = {
				kind = upToNextMajorVersion;
				minimumVersion = 9.28.0;
			};
		};
		04FD7D752E73EAA500051644 /* XCRemoteSwiftPackageReference "EmptyDataSet-Swift" */ = {
			isa = XCRemoteSwiftPackageReference;
			repositoryURL = "https://github.com/Xiaoye220/EmptyDataSet-Swift";
			requirement = {
				kind = upToNextMajorVersion;
				minimumVersion = 5.0.2;
			};
		};
		04FD7D832E73EAD000051644 /* XCRemoteSwiftPackageReference "NVActivityIndicatorView" */ = {
			isa = XCRemoteSwiftPackageReference;
			repositoryURL = "https://github.com/ninjaprox/NVActivityIndicatorView?utm_source=chatgpt.com";
			requirement = {
				kind = upToNextMajorVersion;
				minimumVersion = 5.2.0;
			};
		};
/* End XCRemoteSwiftPackageReference section */

/* Begin XCSwiftPackageProductDependency section */
		04A09CB82E75A1E1007D0F66 /* IQKeyboardManagerSwift */ = {
			isa = XCSwiftPackageProductDependency;
			package = 04A09CB72E75A1E1007D0F66 /* XCRemoteSwiftPackageReference "IQKeyboardManager" */;
			productName = IQKeyboardManagerSwift;
		};
		04A2B5BF2E74699100C6CDEA /* YPImagePicker */ = {
			isa = XCSwiftPackageProductDependency;
			package = 04A2B5BE2E74699000C6CDEA /* XCRemoteSwiftPackageReference "YPImagePicker" */;
			productName = YPImagePicker;
		};
		04EDB2202E758A84005176F0 /* SDWebImage */ = {
			isa = XCSwiftPackageProductDependency;
			package = 04EDB21F2E758A84005176F0 /* XCRemoteSwiftPackageReference "SDWebImage" */;
			productName = SDWebImage;
		};
		04EDB2222E758A84005176F0 /* SDWebImageMapKit */ = {
			isa = XCSwiftPackageProductDependency;
			package = 04EDB21F2E758A84005176F0 /* XCRemoteSwiftPackageReference "SDWebImage" */;
			productName = SDWebImageMapKit;
		};
		04F57FEC2E74521F0084FBF7 /* FirebaseAI */ = {
			isa = XCSwiftPackageProductDependency;
			package = 04F57FEB2E74521F0084FBF7 /* XCRemoteSwiftPackageReference "firebase-ios-sdk" */;
			productName = FirebaseAI;
		};
		04F57FEE2E74521F0084FBF7 /* FirebaseAnalytics */ = {
			isa = XCSwiftPackageProductDependency;
			package = 04F57FEB2E74521F0084FBF7 /* XCRemoteSwiftPackageReference "firebase-ios-sdk" */;
			productName = FirebaseAnalytics;
		};
		04F57FF02E74521F0084FBF7 /* FirebaseAnalyticsCore */ = {
			isa = XCSwiftPackageProductDependency;
			package = 04F57FEB2E74521F0084FBF7 /* XCRemoteSwiftPackageReference "firebase-ios-sdk" */;
			productName = FirebaseAnalyticsCore;
		};
		04F57FF22E74521F0084FBF7 /* FirebaseAnalyticsIdentitySupport */ = {
			isa = XCSwiftPackageProductDependency;
			package = 04F57FEB2E74521F0084FBF7 /* XCRemoteSwiftPackageReference "firebase-ios-sdk" */;
			productName = FirebaseAnalyticsIdentitySupport;
		};
		04F57FF42E74521F0084FBF7 /* FirebaseAppCheck */ = {
			isa = XCSwiftPackageProductDependency;
			package = 04F57FEB2E74521F0084FBF7 /* XCRemoteSwiftPackageReference "firebase-ios-sdk" */;
			productName = FirebaseAppCheck;
		};
		04F57FF62E74521F0084FBF7 /* FirebaseAppDistribution-Beta */ = {
			isa = XCSwiftPackageProductDependency;
			package = 04F57FEB2E74521F0084FBF7 /* XCRemoteSwiftPackageReference "firebase-ios-sdk" */;
			productName = "FirebaseAppDistribution-Beta";
		};
		04F57FF82E74521F0084FBF7 /* FirebaseAuth */ = {
			isa = XCSwiftPackageProductDependency;
			package = 04F57FEB2E74521F0084FBF7 /* XCRemoteSwiftPackageReference "firebase-ios-sdk" */;
			productName = FirebaseAuth;
		};
		04F57FFA2E74521F0084FBF7 /* FirebaseAuthCombine-Community */ = {
			isa = XCSwiftPackageProductDependency;
			package = 04F57FEB2E74521F0084FBF7 /* XCRemoteSwiftPackageReference "firebase-ios-sdk" */;
			productName = "FirebaseAuthCombine-Community";
		};
		04F57FFC2E74521F0084FBF7 /* FirebaseCore */ = {
			isa = XCSwiftPackageProductDependency;
			package = 04F57FEB2E74521F0084FBF7 /* XCRemoteSwiftPackageReference "firebase-ios-sdk" */;
			productName = FirebaseCore;
		};
		04F57FFE2E74521F0084FBF7 /* FirebaseCrashlytics */ = {
			isa = XCSwiftPackageProductDependency;
			package = 04F57FEB2E74521F0084FBF7 /* XCRemoteSwiftPackageReference "firebase-ios-sdk" */;
			productName = FirebaseCrashlytics;
		};
		04F580002E74521F0084FBF7 /* FirebaseDatabase */ = {
			isa = XCSwiftPackageProductDependency;
			package = 04F57FEB2E74521F0084FBF7 /* XCRemoteSwiftPackageReference "firebase-ios-sdk" */;
			productName = FirebaseDatabase;
		};
		04F580022E74521F0084FBF7 /* FirebaseFirestore */ = {
			isa = XCSwiftPackageProductDependency;
			package = 04F57FEB2E74521F0084FBF7 /* XCRemoteSwiftPackageReference "firebase-ios-sdk" */;
			productName = FirebaseFirestore;
		};
		04F580042E74521F0084FBF7 /* FirebaseFirestoreCombine-Community */ = {
			isa = XCSwiftPackageProductDependency;
			package = 04F57FEB2E74521F0084FBF7 /* XCRemoteSwiftPackageReference "firebase-ios-sdk" */;
			productName = "FirebaseFirestoreCombine-Community";
		};
		04F580062E74521F0084FBF7 /* FirebaseFunctions */ = {
			isa = XCSwiftPackageProductDependency;
			package = 04F57FEB2E74521F0084FBF7 /* XCRemoteSwiftPackageReference "firebase-ios-sdk" */;
			productName = FirebaseFunctions;
		};
		04F580082E74521F0084FBF7 /* FirebaseFunctionsCombine-Community */ = {
			isa = XCSwiftPackageProductDependency;
			package = 04F57FEB2E74521F0084FBF7 /* XCRemoteSwiftPackageReference "firebase-ios-sdk" */;
			productName = "FirebaseFunctionsCombine-Community";
		};
		04F5800A2E74521F0084FBF7 /* FirebaseInAppMessaging-Beta */ = {
			isa = XCSwiftPackageProductDependency;
			package = 04F57FEB2E74521F0084FBF7 /* XCRemoteSwiftPackageReference "firebase-ios-sdk" */;
			productName = "FirebaseInAppMessaging-Beta";
		};
		04F5800C2E74521F0084FBF7 /* FirebaseInstallations */ = {
			isa = XCSwiftPackageProductDependency;
			package = 04F57FEB2E74521F0084FBF7 /* XCRemoteSwiftPackageReference "firebase-ios-sdk" */;
			productName = FirebaseInstallations;
		};
		04F5800E2E74521F0084FBF7 /* FirebaseMLModelDownloader */ = {
			isa = XCSwiftPackageProductDependency;
			package = 04F57FEB2E74521F0084FBF7 /* XCRemoteSwiftPackageReference "firebase-ios-sdk" */;
			productName = FirebaseMLModelDownloader;
		};
		04F580102E74521F0084FBF7 /* FirebaseMessaging */ = {
			isa = XCSwiftPackageProductDependency;
			package = 04F57FEB2E74521F0084FBF7 /* XCRemoteSwiftPackageReference "firebase-ios-sdk" */;
			productName = FirebaseMessaging;
		};
		04F580122E74521F0084FBF7 /* FirebasePerformance */ = {
			isa = XCSwiftPackageProductDependency;
			package = 04F57FEB2E74521F0084FBF7 /* XCRemoteSwiftPackageReference "firebase-ios-sdk" */;
			productName = FirebasePerformance;
		};
		04F580142E74521F0084FBF7 /* FirebaseRemoteConfig */ = {
			isa = XCSwiftPackageProductDependency;
			package = 04F57FEB2E74521F0084FBF7 /* XCRemoteSwiftPackageReference "firebase-ios-sdk" */;
			productName = FirebaseRemoteConfig;
		};
		04F580162E74521F0084FBF7 /* FirebaseStorage */ = {
			isa = XCSwiftPackageProductDependency;
			package = 04F57FEB2E74521F0084FBF7 /* XCRemoteSwiftPackageReference "firebase-ios-sdk" */;
			productName = FirebaseStorage;
		};
		04F580182E74521F0084FBF7 /* FirebaseStorageCombine-Community */ = {
			isa = XCSwiftPackageProductDependency;
			package = 04F57FEB2E74521F0084FBF7 /* XCRemoteSwiftPackageReference "firebase-ios-sdk" */;
			productName = "FirebaseStorageCombine-Community";
		};
		04FD7D6B2E73EA8000051644 /* Abtesting */ = {
			isa = XCSwiftPackageProductDependency;
			package = 04FD7D6A2E73EA8000051644 /* XCRemoteSwiftPackageReference "algoliasearch-client-swift" */;
			productName = Abtesting;
		};
		04FD7D6D2E73EA8000051644 /* AbtestingV3 */ = {
			isa = XCSwiftPackageProductDependency;
			package = 04FD7D6A2E73EA8000051644 /* XCRemoteSwiftPackageReference "algoliasearch-client-swift" */;
			productName = AbtestingV3;
		};
		04FD7D6F2E73EA8000051644 /* Analytics */ = {
			isa = XCSwiftPackageProductDependency;
			package = 04FD7D6A2E73EA8000051644 /* XCRemoteSwiftPackageReference "algoliasearch-client-swift" */;
			productName = Analytics;
		};
		04FD7D712E73EA8000051644 /* Composition */ = {
			isa = XCSwiftPackageProductDependency;
			package = 04FD7D6A2E73EA8000051644 /* XCRemoteSwiftPackageReference "algoliasearch-client-swift" */;
			productName = Composition;
		};
		04FD7D732E73EA8000051644 /* Core */ = {
			isa = XCSwiftPackageProductDependency;
			package = 04FD7D6A2E73EA8000051644 /* XCRemoteSwiftPackageReference "algoliasearch-client-swift" */;
			productName = Core;
		};
		04FD7D762E73EAA500051644 /* EmptyDataSet-Swift */ = {
			isa = XCSwiftPackageProductDependency;
			package = 04FD7D752E73EAA500051644 /* XCRemoteSwiftPackageReference "EmptyDataSet-Swift" */;
			productName = "EmptyDataSet-Swift";
		};
		04FD7D842E73EAD000051644 /* NVActivityIndicatorView */ = {
			isa = XCSwiftPackageProductDependency;
			package = 04FD7D832E73EAD000051644 /* XCRemoteSwiftPackageReference "NVActivityIndicatorView" */;
			productName = NVActivityIndicatorView;
		};
		04FD7D862E73EAD000051644 /* NVActivityIndicatorViewExtended */ = {
			isa = XCSwiftPackageProductDependency;
			package = 04FD7D832E73EAD000051644 /* XCRemoteSwiftPackageReference "NVActivityIndicatorView" */;
			productName = NVActivityIndicatorViewExtended;
		};
/* End XCSwiftPackageProductDependency section */
	};
	rootObject = 04610D7B2E73038E008EE240 /* Project object */;
}
